github.com/a-castellano/go-services v0.0.1 h1:HT9dc97GjjRQ7AEvi7GN7rIPMZZae8QXp9NLll9rkhE=
github.com/a-castellano/go-services v0.0.1/go.mod h1:LLIcel6fJFRa+O3Dhou+YeDV6t5A1cncsq2YKu5+Vls=
github.com/a-castellano/go-services v0.0.2 h1:pj6NpJBth4BWLWGwnc3xsvw9/N/LimIHoqmmHlpIW+Q=
github.com/a-castellano/go-services v0.0.2/go.mod h1:LLIcel6fJFRa+O3Dhou+YeDV6t5A1cncsq2YKu5+Vls=
github.com/a-castellano/go-services v0.0.3 h1:k0/1V7+p8deMiACLlTDZDvDHKZJOpmWsSV4+B/bUfLg=
github.com/a-castellano/go-services v0.0.3/go.mod h1:LLIcel6fJFRa+O3Dhou+YeDV6t5A1cncsq2YKu5+Vls=
github.com/a-castellano/go-services v0.0.4 h1:hNtMqhnq1/EJjMpZMd5jXQbaS8vxOBhOwFEGzTKhoaE=
github.com/a-castellano/go-services v0.0.4/go.mod h1:LLIcel6fJFRa+O3Dhou+YeDV6t5A1cncsq2YKu5+Vls=
github.com/a-castellano/go-types v0.0.1 h1:vD4DOuQgMUIE1eDQJ/zww81MWOVZgb3SBrgsPk/zLns=
github.com/a-castellano/go-types v0.0.1/go.mod h1:VWPCDtrt/sTi8DS6N3FF/5pcVkv0/3YR0Oyg+Y/LOn4=
github.com/cespare/xxhash/v2 v2.3.0 h1:UL815xU9SqsFlibzuggzjXhog7bL6oX9BbNZnL2UFvs=
github.com/cespare/xxhash/v2 v2.3.0/go.mod h1:VGX0DQ3Q6kWi7AoAeZDth3/j3BFtOZR5XLFGgcrjCOs=
github.com/dgryski/go-rendezvous v0.0.0-20200823014737-9f7001d12a5f h1:lO4WD4F/rVNCu3HqELle0jiPLLBs70cWOduZpkS1E78=
github.com/dgryski/go-rendezvous v0.0.0-20200823014737-9f7001d12a5f/go.mod h1:cuUVRXasLTGF7a8hSLbxyZXjz+1KgoB3wDUb6vlszIc=
github.com/go-redis/redismock/v9 v9.2.0 h1:ZrMYQeKPECZPjOj5u9eyOjg8Nnb0BS9lkVIZ6IpsKLw=
github.com/go-redis/redismock/v9 v9.2.0/go.mod h1:18KHfGDK4Y6c2R0H38EUGWAdc7ZQS9gfYxc94k7rWT0=
github.com/redis/go-redis/v9 v9.5.3 h1:fOAp1/uJG+ZtcITgZOfYFmTKPE7n4Vclj1wZFgRciUU=
github.com/redis/go-redis/v9 v9.5.3/go.mod h1:hdY0cQFCN4fnSYT6TkisLufl/4W5UIXyv0b/CLO2V2M=
